
Microsoft Visual Studio Solution File, Format Version 12.00
# Visual Studio Version 16
VisualStudioVersion = 16.0.31729.503
MinimumVisualStudioVersion = 10.0.40219.1
Project("{FAE04EC0-301F-11D3-BF4B-00C04F79EFBC}") = "exercicio04", "exercicio04.csproj", "{5DAFFE96-4506-4AAF-86C2-294CA20EDDEA}"
EndProject
Global
	GlobalSection(SolutionConfigurationPlatforms) = preSolution
		Debug|Any CPU = Debug|Any CPU
		Release|Any CPU = Release|Any CPU
	EndGlobalSection
	GlobalSection(ProjectConfigurationPlatforms) = postSolution
		{5DAFFE96-4506-4AAF-86C2-294CA20EDDEA}.Debug|Any CPU.ActiveCfg = Debug|Any CPU
		{5DAFFE96-4506-4AAF-86C2-294CA20EDDEA}.Debug|Any CPU.Build.0 = Debug|Any CPU
		{5DAFFE96-4506-4AAF-86C2-294CA20EDDEA}.Release|Any CPU.ActiveCfg = Release|Any CPU
		{5DAFFE96-4506-4AAF-86C2-294CA20EDDEA}.Release|Any CPU.Build.0 = Release|Any CPU
	EndGlobalSection
	GlobalSection(SolutionProperties) = preSolution
		HideSolutionNode = FALSE
	EndGlobalSection
	GlobalSection(ExtensibilityGlobals) = postSolution
		SolutionGuid = {40C091A3-6C45-4622-9ADE-CD5DDB32D52E}
	EndGlobalSection
EndGlobal
